// !$*UTF8*$!
{
	archiveVersion = 1;
	classes = {
	};
	objectVersion = 56;
	objects = {

/* Begin PBXBuildFile section */
		D98F4ABC2AE67BB70006CD67 /* bar_impApp.swift in Sources */ = {isa = PBXBuildFile; fileRef = D98F4ABB2AE67BB70006CD67 /* bar_impApp.swift */; };
		D98F4ABE2AE67BB70006CD67 /* ContentView.swift in Sources */ = {isa = PBXBuildFile; fileRef = D98F4ABD2AE67BB70006CD67 /* ContentView.swift */; };
		D98F4AC02AE67BB80006CD67 /* Assets.xcassets in Resources */ = {isa = PBXBuildFile; fileRef = D98F4ABF2AE67BB80006CD67 /* Assets.xcassets */; };
		D98F4AC32AE67BB80006CD67 /* Preview Assets.xcassets in Resources */ = {isa = PBXBuildFile; fileRef = D98F4AC22AE67BB80006CD67 /* Preview Assets.xcassets */; };
		D98F4ACD2AE67BB80006CD67 /* bar_impTests.swift in Sources */ = {isa = PBXBuildFile; fileRef = D98F4ACC2AE67BB80006CD67 /* bar_impTests.swift */; };
		D98F4AD72AE67BB80006CD67 /* bar_impUITests.swift in Sources */ = {isa = PBXBuildFile; fileRef = D98F4AD62AE67BB80006CD67 /* bar_impUITests.swift */; };
		D98F4AD92AE67BB80006CD67 /* bar_impUITestsLaunchTests.swift in Sources */ = {isa = PBXBuildFile; fileRef = D98F4AD82AE67BB80006CD67 /* bar_impUITestsLaunchTests.swift */; };
		D98F4AE62AE67BEB0006CD67 /* ViewModel.swift in Sources */ = {isa = PBXBuildFile; fileRef = D98F4AE52AE67BEB0006CD67 /* ViewModel.swift */; };
		D98F4AE92AE680C80006CD67 /* AppDelegate.swift in Sources */ = {isa = PBXBuildFile; fileRef = D98F4AE82AE680C80006CD67 /* AppDelegate.swift */; };
/* End PBXBuildFile section */

/* Begin PBXContainerItemProxy section */
		D98F4AC92AE67BB80006CD67 /* PBXContainerItemProxy */ = {
			isa = PBXContainerItemProxy;
			containerPortal = D98F4AB02AE67BB70006CD67 /* Project object */;
			proxyType = 1;
			remoteGlobalIDString = D98F4AB72AE67BB70006CD67;
			remoteInfo = bar_imp;
		};
		D98F4AD32AE67BB80006CD67 /* PBXContainerItemProxy */ = {
			isa = PBXContainerItemProxy;
			containerPortal = D98F4AB02AE67BB70006CD67 /* Project object */;
			proxyType = 1;
			remoteGlobalIDString = D98F4AB72AE67BB70006CD67;
			remoteInfo = bar_imp;
		};
/* End PBXContainerItemProxy section */

/* Begin PBXFileReference section */
		D98F4AB82AE67BB70006CD67 /* bar_imp.app */ = {isa = PBXFileReference; explicitFileType = wrapper.application; includeInIndex = 0; path = bar_imp.app; sourceTree = BUILT_PRODUCTS_DIR; };
		D98F4ABB2AE67BB70006CD67 /* bar_impApp.swift */ = {isa = PBXFileReference; lastKnownFileType = sourcecode.swift; path = bar_impApp.swift; sourceTree = "<group>"; };
		D98F4ABD2AE67BB70006CD67 /* ContentView.swift */ = {isa = PBXFileReference; lastKnownFileType = sourcecode.swift; path = ContentView.swift; sourceTree = "<group>"; };
		D98F4ABF2AE67BB80006CD67 /* Assets.xcassets */ = {isa = PBXFileReference; lastKnownFileType = folder.assetcatalog; path = Assets.xcassets; sourceTree = "<group>"; };
		D98F4AC22AE67BB80006CD67 /* Preview Assets.xcassets */ = {isa = PBXFileReference; lastKnownFileType = folder.assetcatalog; path = "Preview Assets.xcassets"; sourceTree = "<group>"; };
		D98F4AC82AE67BB80006CD67 /* bar_impTests.xctest */ = {isa = PBXFileReference; explicitFileType = wrapper.cfbundle; includeInIndex = 0; path = bar_impTests.xctest; sourceTree = BUILT_PRODUCTS_DIR; };
		D98F4ACC2AE67BB80006CD67 /* bar_impTests.swift */ = {isa = PBXFileReference; lastKnownFileType = sourcecode.swift; path = bar_impTests.swift; sourceTree = "<group>"; };
		D98F4AD22AE67BB80006CD67 /* bar_impUITests.xctest */ = {isa = PBXFileReference; explicitFileType = wrapper.cfbundle; includeInIndex = 0; path = bar_impUITests.xctest; sourceTree = BUILT_PRODUCTS_DIR; };
		D98F4AD62AE67BB80006CD67 /* bar_impUITests.swift */ = {isa = PBXFileReference; lastKnownFileType = sourcecode.swift; path = bar_impUITests.swift; sourceTree = "<group>"; };
		D98F4AD82AE67BB80006CD67 /* bar_impUITestsLaunchTests.swift */ = {isa = PBXFileReference; lastKnownFileType = sourcecode.swift; path = bar_impUITestsLaunchTests.swift; sourceTree = "<group>"; };
		D98F4AE52AE67BEB0006CD67 /* ViewModel.swift */ = {isa = PBXFileReference; lastKnownFileType = sourcecode.swift; path = ViewModel.swift; sourceTree = "<group>"; };
		D98F4AE72AE67CDA0006CD67 /* bar-imp-Info.plist */ = {isa = PBXFileReference; lastKnownFileType = text.plist; path = "bar-imp-Info.plist"; sourceTree = SOURCE_ROOT; };
		D98F4AE82AE680C80006CD67 /* AppDelegate.swift */ = {isa = PBXFileReference; lastKnownFileType = sourcecode.swift; path = AppDelegate.swift; sourceTree = "<group>"; };
/* End PBXFileReference section */

/* Begin PBXFrameworksBuildPhase section */
		D98F4AB52AE67BB70006CD67 /* Frameworks */ = {
			isa = PBXFrameworksBuildPhase;
			buildActionMask = 2147483647;
			files = (
			);
			runOnlyForDeploymentPostprocessing = 0;
		};
		D98F4AC52AE67BB80006CD67 /* Frameworks */ = {
			isa = PBXFrameworksBuildPhase;
			buildActionMask = 2147483647;
			files = (
			);
			runOnlyForDeploymentPostprocessing = 0;
		};
		D98F4ACF2AE67BB80006CD67 /* Frameworks */ = {
			isa = PBXFrameworksBuildPhase;
			buildActionMask = 2147483647;
			files = (
			);
			runOnlyForDeploymentPostprocessing = 0;
		};
/* End PBXFrameworksBuildPhase section */

/* Begin PBXGroup section */
		D98F4AAF2AE67BB70006CD67 = {
			isa = PBXGroup;
			children = (
				D98F4ABA2AE67BB70006CD67 /* bar_imp */,
				D98F4ACB2AE67BB80006CD67 /* bar_impTests */,
				D98F4AD52AE67BB80006CD67 /* bar_impUITests */,
				D98F4AB92AE67BB70006CD67 /* Products */,
			);
			sourceTree = "<group>";
		};
		D98F4AB92AE67BB70006CD67 /* Products */ = {
			isa = PBXGroup;
			children = (
				D98F4AB82AE67BB70006CD67 /* bar_imp.app */,
				D98F4AC82AE67BB80006CD67 /* bar_impTests.xctest */,
				D98F4AD22AE67BB80006CD67 /* bar_impUITests.xctest */,
			);
			name = Products;
			sourceTree = "<group>";
		};
		D98F4ABA2AE67BB70006CD67 /* bar_imp */ = {
			isa = PBXGroup;
			children = (
				D98F4AE72AE67CDA0006CD67 /* bar-imp-Info.plist */,
				D98F4ABB2AE67BB70006CD67 /* bar_impApp.swift */,
				D98F4ABD2AE67BB70006CD67 /* ContentView.swift */,
				D98F4AE52AE67BEB0006CD67 /* ViewModel.swift */,
				D98F4ABF2AE67BB80006CD67 /* Assets.xcassets */,
				D98F4AC12AE67BB80006CD67 /* Preview Content */,
				D98F4AE82AE680C80006CD67 /* AppDelegate.swift */,
			);
			path = bar_imp;
			sourceTree = "<group>";
		};
		D98F4AC12AE67BB80006CD67 /* Preview Content */ = {
			isa = PBXGroup;
			children = (
				D98F4AC22AE67BB80006CD67 /* Preview Assets.xcassets */,
			);
			path = "Preview Content";
			sourceTree = "<group>";
		};
		D98F4ACB2AE67BB80006CD67 /* bar_impTests */ = {
			isa = PBXGroup;
			children = (
				D98F4ACC2AE67BB80006CD67 /* bar_impTests.swift */,
			);
			path = bar_impTests;
			sourceTree = "<group>";
		};
		D98F4AD52AE67BB80006CD67 /* bar_impUITests */ = {
			isa = PBXGroup;
			children = (
				D98F4AD62AE67BB80006CD67 /* bar_impUITests.swift */,
				D98F4AD82AE67BB80006CD67 /* bar_impUITestsLaunchTests.swift */,
			);
			path = bar_impUITests;
			sourceTree = "<group>";
		};
/* End PBXGroup section */

/* Begin PBXNativeTarget section */
		D98F4AB72AE67BB70006CD67 /* bar_imp */ = {
			isa = PBXNativeTarget;
			buildConfigurationList = D98F4ADC2AE67BB80006CD67 /* Build configuration list for PBXNativeTarget "bar_imp" */;
			buildPhases = (
				D98F4AB42AE67BB70006CD67 /* Sources */,
				D98F4AB52AE67BB70006CD67 /* Frameworks */,
				D98F4AB62AE67BB70006CD67 /* Resources */,
			);
			buildRules = (
			);
			dependencies = (
			);
			name = bar_imp;
			productName = bar_imp;
			productReference = D98F4AB82AE67BB70006CD67 /* bar_imp.app */;
			productType = "com.apple.product-type.application";
		};
		D98F4AC72AE67BB80006CD67 /* bar_impTests */ = {
			isa = PBXNativeTarget;
			buildConfigurationList = D98F4ADF2AE67BB80006CD67 /* Build configuration list for PBXNativeTarget "bar_impTests" */;
			buildPhases = (
				D98F4AC42AE67BB80006CD67 /* Sources */,
				D98F4AC52AE67BB80006CD67 /* Frameworks */,
				D98F4AC62AE67BB80006CD67 /* Resources */,
			);
			buildRules = (
			);
			dependencies = (
				D98F4ACA2AE67BB80006CD67 /* PBXTargetDependency */,
			);
			name = bar_impTests;
			productName = bar_impTests;
			productReference = D98F4AC82AE67BB80006CD67 /* bar_impTests.xctest */;
			productType = "com.apple.product-type.bundle.unit-test";
		};
		D98F4AD12AE67BB80006CD67 /* bar_impUITests */ = {
			isa = PBXNativeTarget;
			buildConfigurationList = D98F4AE22AE67BB80006CD67 /* Build configuration list for PBXNativeTarget "bar_impUITests" */;
			buildPhases = (
				D98F4ACE2AE67BB80006CD67 /* Sources */,
				D98F4ACF2AE67BB80006CD67 /* Frameworks */,
				D98F4AD02AE67BB80006CD67 /* Resources */,
			);
			buildRules = (
			);
			dependencies = (
				D98F4AD42AE67BB80006CD67 /* PBXTargetDependency */,
			);
			name = bar_impUITests;
			productName = bar_impUITests;
			productReference = D98F4AD22AE67BB80006CD67 /* bar_impUITests.xctest */;
			productType = "com.apple.product-type.bundle.ui-testing";
		};
/* End PBXNativeTarget section */

/* Begin PBXProject section */
		D98F4AB02AE67BB70006CD67 /* Project object */ = {
			isa = PBXProject;
			attributes = {
				BuildIndependentTargetsInParallel = 1;
				LastSwiftUpdateCheck = 1500;
				LastUpgradeCheck = 1500;
				TargetAttributes = {
					D98F4AB72AE67BB70006CD67 = {
						CreatedOnToolsVersion = 15.0;
					};
					D98F4AC72AE67BB80006CD67 = {
						CreatedOnToolsVersion = 15.0;
						TestTargetID = D98F4AB72AE67BB70006CD67;
					};
					D98F4AD12AE67BB80006CD67 = {
						CreatedOnToolsVersion = 15.0;
						TestTargetID = D98F4AB72AE67BB70006CD67;
					};
				};
			};
			buildConfigurationList = D98F4AB32AE67BB70006CD67 /* Build configuration list for PBXProject "bar_imp" */;
			compatibilityVersion = "Xcode 14.0";
			developmentRegion = en;
			hasScannedForEncodings = 0;
			knownRegions = (
				en,
				Base,
			);
			mainGroup = D98F4AAF2AE67BB70006CD67;
			productRefGroup = D98F4AB92AE67BB70006CD67 /* Products */;
			projectDirPath = "";
			projectRoot = "";
			targets = (
				D98F4AB72AE67BB70006CD67 /* bar_imp */,
				D98F4AC72AE67BB80006CD67 /* bar_impTests */,
				D98F4AD12AE67BB80006CD67 /* bar_impUITests */,
			);
		};
/* End PBXProject section */

/* Begin PBXResourcesBuildPhase section */
		D98F4AB62AE67BB70006CD67 /* Resources */ = {
			isa = PBXResourcesBuildPhase;
			buildActionMask = 2147483647;
			files = (
				D98F4AC32AE67BB80006CD67 /* Preview Assets.xcassets in Resources */,
				D98F4AC02AE67BB80006CD67 /* Assets.xcassets in Resources */,
			);
			runOnlyForDeploymentPostprocessing = 0;
		};
		D98F4AC62AE67BB80006CD67 /* Resources */ = {
			isa = PBXResourcesBuildPhase;
			buildActionMask = 2147483647;
			files = (
			);
			runOnlyForDeploymentPostprocessing = 0;
		};
		D98F4AD02AE67BB80006CD67 /* Resources */ = {
			isa = PBXResourcesBuildPhase;
			buildActionMask = 2147483647;
			files = (
			);
			runOnlyForDeploymentPostprocessing = 0;
		};
/* End PBXResourcesBuildPhase section */

/* Begin PBXSourcesBuildPhase section */
		D98F4AB42AE67BB70006CD67 /* Sources */ = {
			isa = PBXSourcesBuildPhase;
			buildActionMask = 2147483647;
			files = (
				D98F4AE92AE680C80006CD67 /* AppDelegate.swift in Sources */,
				D98F4ABE2AE67BB70006CD67 /* ContentView.swift in Sources */,
				D98F4AE62AE67BEB0006CD67 /* ViewModel.swift in Sources */,
				D98F4ABC2AE67BB70006CD67 /* bar_impApp.swift in Sources */,
			);
			runOnlyForDeploymentPostprocessing = 0;
		};
		D98F4AC42AE67BB80006CD67 /* Sources */ = {
			isa = PBXSourcesBuildPhase;
			buildActionMask = 2147483647;
			files = (
				D98F4ACD2AE67BB80006CD67 /* bar_impTests.swift in Sources */,
			);
			runOnlyForDeploymentPostprocessing = 0;
		};
		D98F4ACE2AE67BB80006CD67 /* Sources */ = {
			isa = PBXSourcesBuildPhase;
			buildActionMask = 2147483647;
			files = (
				D98F4AD72AE67BB80006CD67 /* bar_impUITests.swift in Sources */,
				D98F4AD92AE67BB80006CD67 /* bar_impUITestsLaunchTests.swift in Sources */,
			);
			runOnlyForDeploymentPostprocessing = 0;
		};
/* End PBXSourcesBuildPhase section */

/* Begin PBXTargetDependency section */
		D98F4ACA2AE67BB80006CD67 /* PBXTargetDependency */ = {
			isa = PBXTargetDependency;
			target = D98F4AB72AE67BB70006CD67 /* bar_imp */;
			targetProxy = D98F4AC92AE67BB80006CD67 /* PBXContainerItemProxy */;
		};
		D98F4AD42AE67BB80006CD67 /* PBXTargetDependency */ = {
			isa = PBXTargetDependency;
			target = D98F4AB72AE67BB70006CD67 /* bar_imp */;
			targetProxy = D98F4AD32AE67BB80006CD67 /* PBXContainerItemProxy */;
		};
/* End PBXTargetDependency section */

/* Begin XCBuildConfiguration section */
		D98F4ADA2AE67BB80006CD67 /* Debug */ = {
			isa = XCBuildConfiguration;
			buildSettings = {
				ALWAYS_SEARCH_USER_PATHS = NO;
				ASSETCATALOG_COMPILER_GENERATE_SWIFT_ASSET_SYMBOL_EXTENSIONS = YES;
				CLANG_ANALYZER_NONNULL = YES;
				CLANG_ANALYZER_NUMBER_OBJECT_CONVERSION = YES_AGGRESSIVE;
				CLANG_CXX_LANGUAGE_STANDARD = "gnu++20";
				CLANG_ENABLE_MODULES = YES;
				CLANG_ENABLE_OBJC_ARC = YES;
				CLANG_ENABLE_OBJC_WEAK = YES;
				CLANG_WARN_BLOCK_CAPTURE_AUTORELEASING = YES;
				CLANG_WARN_BOOL_CONVERSION = YES;
				CLANG_WARN_COMMA = YES;
				CLANG_WARN_CONSTANT_CONVERSION = YES;
				CLANG_WARN_DEPRECATED_OBJC_IMPLEMENTATIONS = YES;
				CLANG_WARN_DIRECT_OBJC_ISA_USAGE = YES_ERROR;
				CLANG_WARN_DOCUMENTATION_COMMENTS = YES;
				CLANG_WARN_EMPTY_BODY = YES;
				CLANG_WARN_ENUM_CONVERSION = YES;
				CLANG_WARN_INFINITE_RECURSION = YES;
				CLANG_WARN_INT_CONVERSION = YES;
				CLANG_WARN_NON_LITERAL_NULL_CONVERSION = YES;
				CLANG_WARN_OBJC_IMPLICIT_RETAIN_SELF = YES;
				CLANG_WARN_OBJC_LITERAL_CONVERSION = YES;
				CLANG_WARN_OBJC_ROOT_CLASS = YES_ERROR;
				CLANG_WARN_QUOTED_INCLUDE_IN_FRAMEWORK_HEADER = YES;
				CLANG_WARN_RANGE_LOOP_ANALYSIS = YES;
				CLANG_WARN_STRICT_PROTOTYPES = YES;
				CLANG_WARN_SUSPICIOUS_MOVE = YES;
				CLANG_WARN_UNGUARDED_AVAILABILITY = YES_AGGRESSIVE;
				CLANG_WARN_UNREACHABLE_CODE = YES;
				CLANG_WARN__DUPLICATE_METHOD_MATCH = YES;
				COPY_PHASE_STRIP = NO;
				DEBUG_INFORMATION_FORMAT = dwarf;
				ENABLE_STRICT_OBJC_MSGSEND = YES;
				ENABLE_TESTABILITY = YES;
				ENABLE_USER_SCRIPT_SANDBOXING = YES;
				GCC_C_LANGUAGE_STANDARD = gnu17;
				GCC_DYNAMIC_NO_PIC = NO;
				GCC_NO_COMMON_BLOCKS = YES;
				GCC_OPTIMIZATION_LEVEL = 0;
				GCC_PREPROCESSOR_DEFINITIONS = (
					"DEBUG=1",
					"$(inherited)",
				);
				GCC_WARN_64_TO_32_BIT_CONVERSION = YES;
				GCC_WARN_ABOUT_RETURN_TYPE = YES_ERROR;
				GCC_WARN_UNDECLARED_SELECTOR = YES;
				GCC_WARN_UNINITIALIZED_AUTOS = YES_AGGRESSIVE;
				GCC_WARN_UNUSED_FUNCTION = YES;
				GCC_WARN_UNUSED_VARIABLE = YES;
				IPHONEOS_DEPLOYMENT_TARGET = 17.0;
				LOCALIZATION_PREFERS_STRING_CATALOGS = YES;
				MTL_ENABLE_DEBUG_INFO = INCLUDE_SOURCE;
				MTL_FAST_MATH = YES;
				ONLY_ACTIVE_ARCH = YES;
				SDKROOT = iphoneos;
				SWIFT_ACTIVE_COMPILATION_CONDITIONS = "DEBUG $(inherited)";
				SWIFT_OPTIMIZATION_LEVEL = "-Onone";
			};
			name = Debug;
		};
		D98F4ADB2AE67BB80006CD67 /* Release */ = {
			isa = XCBuildConfiguration;
			buildSettings = {
				ALWAYS_SEARCH_USER_PATHS = NO;
				ASSETCATALOG_COMPILER_GENERATE_SWIFT_ASSET_SYMBOL_EXTENSIONS = YES;
				CLANG_ANALYZER_NONNULL = YES;
				CLANG_ANALYZER_NUMBER_OBJECT_CONVERSION = YES_AGGRESSIVE;
				CLANG_CXX_LANGUAGE_STANDARD = "gnu++20";
				CLANG_ENABLE_MODULES = YES;
				CLANG_ENABLE_OBJC_ARC = YES;
				CLANG_ENABLE_OBJC_WEAK = YES;
				CLANG_WARN_BLOCK_CAPTURE_AUTORELEASING = YES;
				CLANG_WARN_BOOL_CONVERSION = YES;
				CLANG_WARN_COMMA = YES;
				CLANG_WARN_CONSTANT_CONVERSION = YES;
				CLANG_WARN_DEPRECATED_OBJC_IMPLEMENTATIONS = YES;
				CLANG_WARN_DIRECT_OBJC_ISA_USAGE = YES_ERROR;
				CLANG_WARN_DOCUMENTATION_COMMENTS = YES;
				CLANG_WARN_EMPTY_BODY = YES;
				CLANG_WARN_ENUM_CONVERSION = YES;
				CLANG_WARN_INFINITE_RECURSION = YES;
				CLANG_WARN_INT_CONVERSION = YES;
				CLANG_WARN_NON_LITERAL_NULL_CONVERSION = YES;
				CLANG_WARN_OBJC_IMPLICIT_RETAIN_SELF = YES;
				CLANG_WARN_OBJC_LITERAL_CONVERSION = YES;
				CLANG_WARN_OBJC_ROOT_CLASS = YES_ERROR;
				CLANG_WARN_QUOTED_INCLUDE_IN_FRAMEWORK_HEADER = YES;
				CLANG_WARN_RANGE_LOOP_ANALYSIS = YES;
				CLANG_WARN_STRICT_PROTOTYPES = YES;
				CLANG_WARN_SUSPICIOUS_MOVE = YES;
				CLANG_WARN_UNGUARDED_AVAILABILITY = YES_AGGRESSIVE;
				CLANG_WARN_UNREACHABLE_CODE = YES;
				CLANG_WARN__DUPLICATE_METHOD_MATCH = YES;
				COPY_PHASE_STRIP = NO;
				DEBUG_INFORMATION_FORMAT = "dwarf-with-dsym";
				ENABLE_NS_ASSERTIONS = NO;
				ENABLE_STRICT_OBJC_MSGSEND = YES;
				ENABLE_USER_SCRIPT_SANDBOXING = YES;
				GCC_C_LANGUAGE_STANDARD = gnu17;
				GCC_NO_COMMON_BLOCKS = YES;
				GCC_WARN_64_TO_32_BIT_CONVERSION = YES;
				GCC_WARN_ABOUT_RETURN_TYPE = YES_ERROR;
				GCC_WARN_UNDECLARED_SELECTOR = YES;
				GCC_WARN_UNINITIALIZED_AUTOS = YES_AGGRESSIVE;
				GCC_WARN_UNUSED_FUNCTION = YES;
				GCC_WARN_UNUSED_VARIABLE = YES;
				IPHONEOS_DEPLOYMENT_TARGET = 17.0;
				LOCALIZATION_PREFERS_STRING_CATALOGS = YES;
				MTL_ENABLE_DEBUG_INFO = NO;
				MTL_FAST_MATH = YES;
				SDKROOT = iphoneos;
				SWIFT_COMPILATION_MODE = wholemodule;
				VALIDATE_PRODUCT = YES;
			};
			name = Release;
		};
		D98F4ADD2AE67BB80006CD67 /* Debug */ = {
			isa = XCBuildConfiguration;
			buildSettings = {
				ASSETCATALOG_COMPILER_APPICON_NAME = AppIcon;
				ASSETCATALOG_COMPILER_GLOBAL_ACCENT_COLOR_NAME = AccentColor;
				CODE_SIGN_STYLE = Automatic;
				CURRENT_PROJECT_VERSION = 1;
				DEVELOPMENT_ASSET_PATHS = "\"bar_imp/Preview Content\"";
				DEVELOPMENT_TEAM = 8KQDNNV2H5;
				ENABLE_PREVIEWS = YES;
				GENERATE_INFOPLIST_FILE = YES;
				INFOPLIST_FILE = "bar-imp-Info.plist";
				INFOPLIST_KEY_UIApplicationSceneManifest_Generation = YES;
				INFOPLIST_KEY_UIApplicationSupportsIndirectInputEvents = YES;
				INFOPLIST_KEY_UILaunchScreen_Generation = YES;
				INFOPLIST_KEY_UISupportedInterfaceOrientations_iPad = "UIInterfaceOrientationPortrait UIInterfaceOrientationPortraitUpsideDown UIInterfaceOrientationLandscapeLeft UIInterfaceOrientationLandscapeRight";
				INFOPLIST_KEY_UISupportedInterfaceOrientations_iPhone = "UIInterfaceOrientationPortrait UIInterfaceOrientationLandscapeLeft UIInterfaceOrientationLandscapeRight";
				LD_RUNPATH_SEARCH_PATHS = (
					"$(inherited)",
					"@executable_path/Frameworks",
				);
				MARKETING_VERSION = 1.0;
				PRODUCT_BUNDLE_IDENTIFIER = "shinjan.bar-imp";
				PRODUCT_NAME = "$(TARGET_NAME)";
				SWIFT_EMIT_LOC_STRINGS = YES;
				SWIFT_VERSION = 5.0;
				TARGETED_DEVICE_FAMILY = "1,2";
			};
			name = Debug;
		};
		D98F4ADE2AE67BB80006CD67 /* Release */ = {
			isa = XCBuildConfiguration;
			buildSettings = {
				ASSETCATALOG_COMPILER_APPICON_NAME = AppIcon;
				ASSETCATALOG_COMPILER_GLOBAL_ACCENT_COLOR_NAME = AccentColor;
				CODE_SIGN_STYLE = Automatic;
				CURRENT_PROJECT_VERSION = 1;
				DEVELOPMENT_ASSET_PATHS = "\"bar_imp/Preview Content\"";
				DEVELOPMENT_TEAM = 8KQDNNV2H5;
				ENABLE_PREVIEWS = YES;
				GENERATE_INFOPLIST_FILE = YES;
				INFOPLIST_FILE = "bar-imp-Info.plist";
				INFOPLIST_KEY_UIApplicationSceneManifest_Generation = YES;
				INFOPLIST_KEY_UIApplicationSupportsIndirectInputEvents = YES;
				INFOPLIST_KEY_UILaunchScreen_Generation = YES;
				INFOPLIST_KEY_UISupportedInterfaceOrientations_iPad = "UIInterfaceOrientationPortrait UIInterfaceOrientationPortraitUpsideDown UIInterfaceOrientationLandscapeLeft UIInterfaceOrientationLandscapeRight";
				INFOPLIST_KEY_UISupportedInterfaceOrientations_iPhone = "UIInterfaceOrientationPortrait UIInterfaceOrientationLandscapeLeft UIInterfaceOrientationLandscapeRight";
				LD_RUNPATH_SEARCH_PATHS = (
					"$(inherited)",
					"@executable_path/Frameworks",
				);
				MARKETING_VERSION = 1.0;
				PRODUCT_BUNDLE_IDENTIFIER = "shinjan.bar-imp";
				PRODUCT_NAME = "$(TARGET_NAME)";
				SWIFT_EMIT_LOC_STRINGS = YES;
				SWIFT_VERSION = 5.0;
				TARGETED_DEVICE_FAMILY = "1,2";
			};
			name = Release;
		};
		D98F4AE02AE67BB80006CD67 /* Debug */ = {
			isa = XCBuildConfiguration;
			buildSettings = {
				ALWAYS_EMBED_SWIFT_STANDARD_LIBRARIES = YES;
				BUNDLE_LOADER = "$(TEST_HOST)";
				CODE_SIGN_STYLE = Automatic;
				CURRENT_PROJECT_VERSION = 1;
				DEVELOPMENT_TEAM = 8KQDNNV2H5;
				GENERATE_INFOPLIST_FILE = YES;
				IPHONEOS_DEPLOYMENT_TARGET = 17.0;
				MARKETING_VERSION = 1.0;
				PRODUCT_BUNDLE_IDENTIFIER = "shinjan.bar-impTests";
				PRODUCT_NAME = "$(TARGET_NAME)";
				SWIFT_EMIT_LOC_STRINGS = NO;
				SWIFT_VERSION = 5.0;
				TARGETED_DEVICE_FAMILY = "1,2";
				TEST_HOST = "$(BUILT_PRODUCTS_DIR)/bar_imp.app/$(BUNDLE_EXECUTABLE_FOLDER_PATH)/bar_imp";
			};
			name = Debug;
		};
		D98F4AE12AE67BB80006CD67 /* Release */ = {
			isa = XCBuildConfiguration;
			buildSettings = {
				ALWAYS_EMBED_SWIFT_STANDARD_LIBRARIES = YES;
				BUNDLE_LOADER = "$(TEST_HOST)";
				CODE_SIGN_STYLE = Automatic;
				CURRENT_PROJECT_VERSION = 1;
				DEVELOPMENT_TEAM = 8KQDNNV2H5;
				GENERATE_INFOPLIST_FILE = YES;
				IPHONEOS_DEPLOYMENT_TARGET = 17.0;
				MARKETING_VERSION = 1.0;
				PRODUCT_BUNDLE_IDENTIFIER = "shinjan.bar-impTests";
				PRODUCT_NAME = "$(TARGET_NAME)";
				SWIFT_EMIT_LOC_STRINGS = NO;
				SWIFT_VERSION = 5.0;
				TARGETED_DEVICE_FAMILY = "1,2";
				TEST_HOST = "$(BUILT_PRODUCTS_DIR)/bar_imp.app/$(BUNDLE_EXECUTABLE_FOLDER_PATH)/bar_imp";
			};
			name = Release;
		};
		D98F4AE32AE67BB80006CD67 /* Debug */ = {
			isa = XCBuildConfiguration;
			buildSettings = {
				ALWAYS_EMBED_SWIFT_STANDARD_LIBRARIES = YES;
				CODE_SIGN_STYLE = Automatic;
				CURRENT_PROJECT_VERSION = 1;
				DEVELOPMENT_TEAM = 8KQDNNV2H5;
				GENERATE_INFOPLIST_FILE = YES;
				MARKETING_VERSION = 1.0;
				PRODUCT_BUNDLE_IDENTIFIER = "shinjan.bar-impUITests";
				PRODUCT_NAME = "$(TARGET_NAME)";
				SWIFT_EMIT_LOC_STRINGS = NO;
				SWIFT_VERSION = 5.0;
				TARGETED_DEVICE_FAMILY = "1,2";
				TEST_TARGET_NAME = bar_imp;
			};
			name = Debug;
		};
		D98F4AE42AE67BB80006CD67 /* Release */ = {
			isa = XCBuildConfiguration;
			buildSettings = {
				ALWAYS_EMBED_SWIFT_STANDARD_LIBRARIES = YES;
				CODE_SIGN_STYLE = Automatic;
				CURRENT_PROJECT_VERSION = 1;
				DEVELOPMENT_TEAM = 8KQDNNV2H5;
				GENERATE_INFOPLIST_FILE = YES;
				MARKETING_VERSION = 1.0;
				PRODUCT_BUNDLE_IDENTIFIER = "shinjan.bar-impUITests";
				PRODUCT_NAME = "$(TARGET_NAME)";
				SWIFT_EMIT_LOC_STRINGS = NO;
				SWIFT_VERSION = 5.0;
				TARGETED_DEVICE_FAMILY = "1,2";
				TEST_TARGET_NAME = bar_imp;
			};
			name = Release;
		};
/* End XCBuildConfiguration section */

/* Begin XCConfigurationList section */
		D98F4AB32AE67BB70006CD67 /* Build configuration list for PBXProject "bar_imp" */ = {
			isa = XCConfigurationList;
			buildConfigurations = (
				D98F4ADA2AE67BB80006CD67 /* Debug */,
				D98F4ADB2AE67BB80006CD67 /* Release */,
			);
			defaultConfigurationIsVisible = 0;
			defaultConfigurationName = Release;
		};
		D98F4ADC2AE67BB80006CD67 /* Build configuration list for PBXNativeTarget "bar_imp" */ = {
			isa = XCConfigurationList;
			buildConfigurations = (
				D98F4ADD2AE67BB80006CD67 /* Debug */,
				D98F4ADE2AE67BB80006CD67 /* Release */,
			);
			defaultConfigurationIsVisible = 0;
			defaultConfigurationName = Release;
		};
		D98F4ADF2AE67BB80006CD67 /* Build configuration list for PBXNativeTarget "bar_impTests" */ = {
			isa = XCConfigurationList;
			buildConfigurations = (
				D98F4AE02AE67BB80006CD67 /* Debug */,
				D98F4AE12AE67BB80006CD67 /* Release */,
			);
			defaultConfigurationIsVisible = 0;
			defaultConfigurationName = Release;
		};
		D98F4AE22AE67BB80006CD67 /* Build configuration list for PBXNativeTarget "bar_impUITests" */ = {
			isa = XCConfigurationList;
			buildConfigurations = (
				D98F4AE32AE67BB80006CD67 /* Debug */,
				D98F4AE42AE67BB80006CD67 /* Release */,
			);
			defaultConfigurationIsVisible = 0;
			defaultConfigurationName = Release;
		};
/* End XCConfigurationList section */
	};
	rootObject = D98F4AB02AE67BB70006CD67 /* Project object */;
}
